
Microsoft Visual Studio Solution File, Format Version 12.00
# Visual Studio Version 16
VisualStudioVersion = 16.0.30503.244
MinimumVisualStudioVersion = 10.0.40219.1
Project("{FAE04EC0-301F-11D3-BF4B-00C04F79EFBC}") = "LogLog", "LogLog\LogLog.csproj", "{6D437866-78A2-4EC8-9491-5B93F77971E6}"
EndProject
Global
	GlobalSection(SolutionConfigurationPlatforms) = preSolution
		Debug|Any CPU = Debug|Any CPU
		Release|Any CPU = Release|Any CPU
	EndGlobalSection
	GlobalSection(ProjectConfigurationPlatforms) = postSolution
		{6D437866-78A2-4EC8-9491-5B93F77971E6}.Debug|Any CPU.ActiveCfg = Debug|Any CPU
		{6D437866-78A2-4EC8-9491-5B93F77971E6}.Debug|Any CPU.Build.0 = Debug|Any CPU
		{6D437866-78A2-4EC8-9491-5B93F77971E6}.Release|Any CPU.ActiveCfg = Release|Any CPU
		{6D437866-78A2-4EC8-9491-5B93F77971E6}.Release|Any CPU.Build.0 = Release|Any CPU
	EndGlobalSection
	GlobalSection(SolutionProperties) = preSolution
		HideSolutionNode = FALSE
	EndGlobalSection
	GlobalSection(ExtensibilityGlobals) = postSolution
		SolutionGuid = {183F0F33-62FD-4BE4-992F-4EE309AF605E}
	EndGlobalSection
EndGlobal
